hash: db45faca282e4811346687c751b5578a7f7700284bc011d058e666105c1999b0
updated: 2018-08-20T16:41:12.926361-04:00
imports:
- name: github.com/alecthomas/chroma
  version: 5d7fef2ae60b501bbf28d476c3f273b8017d8261
  subpackages:
  - formatters
  - formatters/html
  - lexers
  - lexers/a
  - lexers/b
  - lexers/c
  - lexers/circular
  - lexers/d
  - lexers/e
  - lexers/f
  - lexers/g
  - lexers/h
  - lexers/i
  - lexers/internal
  - lexers/j
  - lexers/k
  - lexers/l
  - lexers/m
  - lexers/n
  - lexers/o
  - lexers/p
  - lexers/q
  - lexers/r
  - lexers/s
  - lexers/t
  - lexers/v
  - lexers/w
  - lexers/x
  - lexers/y
  - styles
- name: github.com/bep/gitmap
  version: ecb6fe06dbfd6bb4225e7fda7dc15612ecc8d960
- name: github.com/bep/go-tocss
  version: 2abb118dc8688b6c7df44e12f4152c2bded9b19c
  subpackages:
  - scss
  - scss/libsass
  - tocss
- name: github.com/BurntSushi/locker
  version: a6e239ea1c69bff1cfdb20c4b73dadf52f784b6a
- name: github.com/BurntSushi/toml
  version: a368813c5e648fee92e5f6c30e3944ff9d5e8895
- name: github.com/chaseadamsio/goorgeous
  version: dcf1ef873b8987bf12596fe6951c48347986eb2f
- name: github.com/danwakefield/fnmatch
  version: cbb64ac3d964b81592e64f957ad53df015803288
- name: github.com/disintegration/imaging
  version: 8021a62ea0dfe0ed2e6107f5ccd37e0d4a92a996
- name: github.com/dlclark/regexp2
  version: 7632a260cbaf5e7594fc1544a503456ecd0827f1
  subpackages:
  - syntax
- name: github.com/eknkc/amber
  version: cdade1c073850f4ffc70a829e31235ea6892853b
  subpackages:
  - parser
- name: github.com/fatih/color
  version: 2d684516a8861da43017284349b7e303e809ac21
- name: github.com/fsnotify/fsnotify
  version: c2828203cd70a50dcccfb2761f8b1f8ceef9a8e9
- name: github.com/go-yaml/yaml
  version: 5420a8b6744d3b0345ab293f6fcba19c978f1183
- name: github.com/gobuffalo/envy
  version: 2d0f467653f3d961ce9ada4d32a230bdcb3bfe11
- name: github.com/gobwas/glob
  version: f00a7392b43971b2fdb562418faab1f18da2067a
  subpackages:
  - compiler
  - match
  - syntax
  - syntax/ast
  - syntax/lexer
  - util/runes
  - util/strings
- name: github.com/gohugoio/hugo
  version: f14d773841c32ad48f2d2fa22e1e378d477e5c9e
  subpackages:
  - bufferpool
  - cache
  - common/errors
  - common/loggers
  - common/maps
  - common/math
  - common/types
  - compare
  - config
  - config/privacy
  - config/services
  - deps
  - docshelper
  - helpers
  - hugofs
  - hugolib/filesystems
  - hugolib/pagemeta
  - hugolib/paths
  - i18n
  - langs
  - media
  - metrics
  - output
  - parser
  - related
  - resource
  - resource/bundler
  - resource/create
  - resource/integrity
  - resource/minifiers
  - resource/postcss
  - resource/templates
  - resource/tocss/scss
  - source
  - tpl
  - tpl/cast
  - tpl/collections
  - tpl/compare
  - tpl/crypto
  - tpl/data
  - tpl/encoding
  - tpl/fmt
  - tpl/images
  - tpl/inflect
  - tpl/internal
  - tpl/lang
  - tpl/math
  - tpl/os
  - tpl/partials
  - tpl/path
  - tpl/resources
  - tpl/safe
  - tpl/strings
  - tpl/templates
  - tpl/time
  - tpl/tplimpl
  - tpl/tplimpl/embedded
  - tpl/transform
  - tpl/urls
  - transform
- name: github.com/hashicorp/go-immutable-radix
  version: 7f3cd4390caab3250a57f30efdb2a65dd7649ecf
- name: github.com/hashicorp/golang-lru
  version: 0fb14efe8c47ae851c0034ed7a448854d3d34cf3
  subpackages:
  - simplelru
- name: github.com/hashicorp/hcl
  version: ef8a98b0bbce4a65b5aa4c368430a80ddc533168
  subpackages:
  - hcl/ast
  - hcl/parser
  - hcl/printer
  - hcl/scanner
  - hcl/strconv
  - hcl/token
  - json/parser
  - json/scanner
  - json/token
- name: github.com/inconshreveable/mousetrap
  version: 76626ae9c91c4f2a10f34cad8ce83ea42c93bb75
- name: github.com/jdkato/prose
  version: 99216ea17cba4e2f2a4e8bca778643e5a529b7aa
  subpackages:
  - internal/util
  - transform
- name: github.com/joho/godotenv
  version: 1709ab122c988931ad53508747b3c061400c2984
- name: github.com/kyokomi/emoji
  version: 2e9a9507333f3ee28f3fab88c2c3aba34455d734
- name: github.com/magiconair/properties
  version: c2353362d570a7bfa228149c62842019201cfb71
- name: github.com/markbates/inflect
  version: 84854b5b4c0dbb0c107480d480a71f7db1fc7dae
- name: github.com/mattn/go-colorable
  version: efa589957cd060542a26d2dd7832fd6a6c6c3ade
- name: github.com/mattn/go-isatty
  version: 6ca4dbf54d38eea1a992b3c722a76a5d1c4cb25c
- name: github.com/mattn/go-runewidth
  version: ce7b0b5c7b45a81508558cd1dba6bb1e4ddb51bb
- name: github.com/mattn/go-sqlite3
  version: 25ecb14adfc7543176f7d85291ec7dba82c6f7e4
- name: github.com/miekg/mmark
  version: 057eb9e3ae87944c038036d046101dec0c56e21f
- name: github.com/mitchellh/hashstructure
  version: 2bca23e0e452137f789efbc8610126fd8b94f73b
- name: github.com/mitchellh/mapstructure
  version: f15292f7a699fcc1a38a80977f80a046874ba8ac
- name: github.com/muesli/smartcrop
  version: f6ebaa786a12a0fdb2d7c6dee72808e68c296464
  subpackages:
  - options
- name: github.com/nicksnyder/go-i18n
  version: a16b91a3ba80db3a2301c70d1d302d42251c9079
  subpackages:
  - i18n/bundle
  - i18n/language
  - i18n/translation
- name: github.com/olekukonko/tablewriter
  version: d4647c9c7a84d847478d890b816b7d8b62b0b279
- name: github.com/pelletier/go-toml
  version: c2dbbc24a97911339e01bda0b8cabdbd8f13b602
- name: github.com/PuerkitoBio/purell
  version: 975f53781597ed779763b7b65566e74c4004d8de
- name: github.com/PuerkitoBio/urlesc
  version: de5bf2ad457846296e2031421a34e2568e304e35
- name: github.com/russross/blackfriday
  version: 46c73eb196baff5bb07288f245b223bd1a30fba6
- name: github.com/shurcooL/sanitized_anchor_name
  version: 10ef21a441db47d8b13ebcc5fd2310f636973c77
- name: github.com/spf13/afero
  version: 787d034dfe70e44075ccc060d346146ef53270ad
  subpackages:
  - mem
- name: github.com/spf13/cast
  version: 8965335b8c7107321228e3e3702cab9832751bac
- name: github.com/spf13/cobra
  version: a114f312e075f65bf30d6d9a1430113f857e543b
- name: github.com/spf13/hugo
  version: f14d773841c32ad48f2d2fa22e1e378d477e5c9e
  subpackages:
  - deps
  - hugofs
  - hugolib
- name: github.com/spf13/jwalterweatherman
  version: 7c0cea34c8ece3fbeb2b27ab9b59511d360fb394
- name: github.com/spf13/nitro
  version: 24d7ef30a12da0bdc5e2eb370a79c659ddccf0e8
- name: github.com/spf13/pflag
  version: 3ebe029320b2676d667ae88da602a5f854788a8a
- name: github.com/spf13/viper
  version: 907c19d40d9a6c9bb55f040ff4ae45271a4754b9
- name: github.com/tdewolff/minify
  version: fdf0cc196b7dfc17cbcb3b3c29fa67b4d1b200ce
  subpackages:
  - css
  - html
  - js
  - json
  - svg
  - xml
- name: github.com/tdewolff/parse
  version: 4ceb50b40fad068875f5b093c5df0619012dc544
  subpackages:
  - buffer
  - css
  - html
  - js
  - json
  - strconv
  - svg
  - xml
- name: github.com/wellington/go-libsass
  version: 615eaa47ef794d037c1906a0eb7bf85375a5decf
  subpackages:
  - libs
- name: github.com/yosssi/ace
  version: 2b21b56204aee785bf8d500c3f9dcbe3ed7d4515
- name: golang.org/x/image
  version: c73c2afc3b812cdd6385de5a50616511c4a3d458
  subpackages:
  - bmp
  - draw
  - math/f64
  - riff
  - tiff
  - tiff/lzw
  - vp8
  - vp8l
  - webp
- name: golang.org/x/net
  version: a680a1efc54dd51c040b3b5ce4939ea3cf2ea0d1
  subpackages:
  - context
  - idna
- name: golang.org/x/sync
  version: 1d60e4601c6fd243af51cc01ddf169918a5407ca
  subpackages:
  - errgroup
- name: golang.org/x/sys
  version: 79b0c6888797020a994db17c8510466c72fe75d9
  subpackages:
  - unix
- name: golang.org/x/text
  version: 0605a8320aceb4207a5fb3521281e17ec2075476
  subpackages:
  - secure/bidirule
  - transform
  - unicode/bidi
  - unicode/norm
  - width
- name: gopkg.in/yaml.v2
  version: 5420a8b6744d3b0345ab293f6fcba19c978f1183
testImports: []
